
Microsoft Visual Studio Solution File, Format Version 12.00
# Visual Studio Version 16
VisualStudioVersion = 16.0.31129.286
MinimumVisualStudioVersion = 10.0.40219.1
Project("{FAE04EC0-301F-11D3-BF4B-00C04F79EFBC}") = "pooIntroGroupA1", "pooIntroGroupA1\pooIntroGroupA1.csproj", "{42248C1B-E984-4E0A-964A-3BFCA64DA6D2}"
EndProject
Global
	GlobalSection(SolutionConfigurationPlatforms) = preSolution
		Debug|Any CPU = Debug|Any CPU
		Release|Any CPU = Release|Any CPU
	EndGlobalSection
	GlobalSection(ProjectConfigurationPlatforms) = postSolution
		{42248C1B-E984-4E0A-964A-3BFCA64DA6D2}.Debug|Any CPU.ActiveCfg = Debug|Any CPU
		{42248C1B-E984-4E0A-964A-3BFCA64DA6D2}.Debug|Any CPU.Build.0 = Debug|Any CPU
		{42248C1B-E984-4E0A-964A-3BFCA64DA6D2}.Release|Any CPU.ActiveCfg = Release|Any CPU
		{42248C1B-E984-4E0A-964A-3BFCA64DA6D2}.Release|Any CPU.Build.0 = Release|Any CPU
	EndGlobalSection
	GlobalSection(SolutionProperties) = preSolution
		HideSolutionNode = FALSE
	EndGlobalSection
	GlobalSection(ExtensibilityGlobals) = postSolution
		SolutionGuid = {4E5F67F6-CEDD-4077-8935-8C076323BD79}
	EndGlobalSection
EndGlobal
